// !$*UTF8*$!
{
	archiveVersion = 1;
	classes = {
	};
	objectVersion = 56;
	objects = {

/* Begin PBXBuildFile section */
		0702566E2C2261B700372B87 /* Star-Seeker-Info.plist in Resources */ = {isa = PBXBuildFile; fileRef = 0702566D2C2261B700372B87 /* Star-Seeker-Info.plist */; };
		070256712C22811100372B87 /* ContentViewModel.swift in Sources */ = {isa = PBXBuildFile; fileRef = 070256702C22811100372B87 /* ContentViewModel.swift */; };
		070256732C22814700372B87 /* SceneKitView.swift in Sources */ = {isa = PBXBuildFile; fileRef = 070256722C22814700372B87 /* SceneKitView.swift */; };
		072065522C28EED500CEA482 /* art.scnassets in Resources */ = {isa = PBXBuildFile; fileRef = 072065512C28EED500CEA482 /* art.scnassets */; };
		20006B1B2C18BB0200EC46C6 /* CSVDecipherer.swift in Sources */ = {isa = PBXBuildFile; fileRef = 20006B1A2C18BB0200EC46C6 /* CSVDecipherer.swift */; };
		204FC3B62C19915700C1BBCC /* MovementDirection.swift in Sources */ = {isa = PBXBuildFile; fileRef = 204FC3B52C19915700C1BBCC /* MovementDirection.swift */; };
		204FC3BB2C19F98300C1BBCC /* Decipherer.swift in Sources */ = {isa = PBXBuildFile; fileRef = 204FC3BA2C19F98300C1BBCC /* Decipherer.swift */; };
		204FC3C12C1A9B7700C1BBCC /* DragButton.swift in Sources */ = {isa = PBXBuildFile; fileRef = 204FC3C02C1A9B7700C1BBCC /* DragButton.swift */; };
		204FC3C42C1AE11B00C1BBCC /* Restriction.swift in Sources */ = {isa = PBXBuildFile; fileRef = 204FC3C32C1AE11B00C1BBCC /* Restriction.swift */; };
		204FC3C82C1AE15A00C1BBCC /* PlayerRestriction.swift in Sources */ = {isa = PBXBuildFile; fileRef = 204FC3C72C1AE15A00C1BBCC /* PlayerRestriction.swift */; };
		204FC3CA2C1AE4A200C1BBCC /* RestrictionGroup.swift in Sources */ = {isa = PBXBuildFile; fileRef = 204FC3C92C1AE4A200C1BBCC /* RestrictionGroup.swift */; };
		204FC3CC2C1AEC3C00C1BBCC /* UniversalNodeIdentifier.swift in Sources */ = {isa = PBXBuildFile; fileRef = 204FC3CB2C1AEC3C00C1BBCC /* UniversalNodeIdentifier.swift */; };
		204FC3CE2C1B006D00C1BBCC /* BitMaskConstant.swift in Sources */ = {isa = PBXBuildFile; fileRef = 204FC3CD2C1B006D00C1BBCC /* BitMaskConstant.swift */; };
		204FC3D02C1B008400C1BBCC /* RestrictionConstant.swift in Sources */ = {isa = PBXBuildFile; fileRef = 204FC3CF2C1B008400C1BBCC /* RestrictionConstant.swift */; };
		204FC3D32C1B655100C1BBCC /* Darkness.swift in Sources */ = {isa = PBXBuildFile; fileRef = 204FC3D22C1B655100C1BBCC /* Darkness.swift */; };
		205A99672C21C3C900C85B1B /* overlay.mp4 in Resources */ = {isa = PBXBuildFile; fileRef = 205A99662C21C3C900C85B1B /* overlay.mp4 */; };
		206332A22C2163F2004270C7 /* CGPoint.swift in Sources */ = {isa = PBXBuildFile; fileRef = 2063329F2C2163F2004270C7 /* CGPoint.swift */; };
		206332A32C2163F2004270C7 /* CGSize.swift in Sources */ = {isa = PBXBuildFile; fileRef = 206332A02C2163F2004270C7 /* CGSize.swift */; };
		206332A62C21642A004270C7 /* LevelGenerator.swift in Sources */ = {isa = PBXBuildFile; fileRef = 206332A42C21642A004270C7 /* LevelGenerator.swift */; };
		206332AB2C21648C004270C7 /* ButtonsMovementController.swift in Sources */ = {isa = PBXBuildFile; fileRef = 206332A72C21648C004270C7 /* ButtonsMovementController.swift */; };
		206332AC2C21648C004270C7 /* JoystickMovementController.swift in Sources */ = {isa = PBXBuildFile; fileRef = 206332A82C21648C004270C7 /* JoystickMovementController.swift */; };
		206332AD2C21648C004270C7 /* MovementController.swift in Sources */ = {isa = PBXBuildFile; fileRef = 206332A92C21648C004270C7 /* MovementController.swift */; };
		2097B7802C114C00002261C3 /* Star_SeekerApp.swift in Sources */ = {isa = PBXBuildFile; fileRef = 2097B77F2C114C00002261C3 /* Star_SeekerApp.swift */; };
		2097B7822C114C00002261C3 /* ContentView.swift in Sources */ = {isa = PBXBuildFile; fileRef = 2097B7812C114C00002261C3 /* ContentView.swift */; };
		2097B7842C114C00002261C3 /* Item.swift in Sources */ = {isa = PBXBuildFile; fileRef = 2097B7832C114C00002261C3 /* Item.swift */; };
		2097B7862C114C01002261C3 /* Assets.xcassets in Resources */ = {isa = PBXBuildFile; fileRef = 2097B7852C114C01002261C3 /* Assets.xcassets */; };
		2097B7892C114C01002261C3 /* Preview Assets.xcassets in Resources */ = {isa = PBXBuildFile; fileRef = 2097B7882C114C01002261C3 /* Preview Assets.xcassets */; };
		2097B79B2C1152AD002261C3 /* Game.swift in Sources */ = {isa = PBXBuildFile; fileRef = 2097B79A2C1152AD002261C3 /* Game.swift */; };
		2097B79F2C115AA5002261C3 /* Debug.swift in Sources */ = {isa = PBXBuildFile; fileRef = 2097B79E2C115AA5002261C3 /* Debug.swift */; };
		2097B7A12C115AC2002261C3 /* AppConfig.swift in Sources */ = {isa = PBXBuildFile; fileRef = 2097B7A02C115AC2002261C3 /* AppConfig.swift */; };
		2097B7A32C115AED002261C3 /* Logger.swift in Sources */ = {isa = PBXBuildFile; fileRef = 2097B7A22C115AED002261C3 /* Logger.swift */; };
		2097B7A52C115E99002261C3 /* Wrapper.swift in Sources */ = {isa = PBXBuildFile; fileRef = 2097B7A42C115E99002261C3 /* Wrapper.swift */; };
		2097B7A72C119C27002261C3 /* HoldButton.swift in Sources */ = {isa = PBXBuildFile; fileRef = 2097B7A62C119C27002261C3 /* HoldButton.swift */; };
		2097B7AC2C122000002261C3 /* PressButton.swift in Sources */ = {isa = PBXBuildFile; fileRef = 2097B7AB2C122000002261C3 /* PressButton.swift */; };
		2097B7AE2C1227EE002261C3 /* UIConfig.swift in Sources */ = {isa = PBXBuildFile; fileRef = 2097B7AD2C1227EE002261C3 /* UIConfig.swift */; };
		2097B7B02C122862002261C3 /* GameConfig.swift in Sources */ = {isa = PBXBuildFile; fileRef = 2097B7AF2C122862002261C3 /* GameConfig.swift */; };
		2097B7B32C12ABC2002261C3 /* Bundle.swift in Sources */ = {isa = PBXBuildFile; fileRef = 2097B7B22C12ABC2002261C3 /* Bundle.swift */; };
		2097B7BB2C15DDD6002261C3 /* NeoWrapper.swift in Sources */ = {isa = PBXBuildFile; fileRef = 2097B7BA2C15DDD6002261C3 /* NeoWrapper.swift */; };
		2097B7BE2C15E138002261C3 /* Sizeable.swift in Sources */ = {isa = PBXBuildFile; fileRef = 2097B7BD2C15E138002261C3 /* Sizeable.swift */; };
		2097B7C02C15E193002261C3 /* SKSpriteNode.swift in Sources */ = {isa = PBXBuildFile; fileRef = 2097B7BF2C15E193002261C3 /* SKSpriteNode.swift */; };
		2097B7C22C15E1EE002261C3 /* SKLabelNode.swift in Sources */ = {isa = PBXBuildFile; fileRef = 2097B7C12C15E1EE002261C3 /* SKLabelNode.swift */; };
		2097B7C52C15E47D002261C3 /* NodeNamingConstant.swift in Sources */ = {isa = PBXBuildFile; fileRef = 2097B7C42C15E47D002261C3 /* NodeNamingConstant.swift */; };
		2097B7C82C15FAFC002261C3 /* SKNode.swift in Sources */ = {isa = PBXBuildFile; fileRef = 2097B7C72C15FAFC002261C3 /* SKNode.swift */; };
		2097B7CE2C161DB6002261C3 /* Movable.swift in Sources */ = {isa = PBXBuildFile; fileRef = 2097B7CD2C161DB6002261C3 /* Movable.swift */; };
		2097B7D02C169CA3002261C3 /* Player.swift in Sources */ = {isa = PBXBuildFile; fileRef = 2097B7CF2C169CA3002261C3 /* Player.swift */; };
		2097B7D22C169DC0002261C3 /* ImageNamingConstant.swift in Sources */ = {isa = PBXBuildFile; fileRef = 2097B7D12C169DC0002261C3 /* ImageNamingConstant.swift */; };
		2097B7D42C16E0BD002261C3 /* ValueProvider.swift in Sources */ = {isa = PBXBuildFile; fileRef = 2097B7D32C16E0BD002261C3 /* ValueProvider.swift */; };
		2097B7D82C16EFE5002261C3 /* Platform.swift in Sources */ = {isa = PBXBuildFile; fileRef = 2097B7D72C16EFE5002261C3 /* Platform.swift */; };
		2097B7DA2C16F03E002261C3 /* BasePlatform.swift in Sources */ = {isa = PBXBuildFile; fileRef = 2097B7D92C16F03E002261C3 /* BasePlatform.swift */; };
		2097B7DE2C1701DC002261C3 /* CollapsiblePlatform.swift in Sources */ = {isa = PBXBuildFile; fileRef = 2097B7DD2C1701DC002261C3 /* CollapsiblePlatform.swift */; };
		2097B7E02C1701E9002261C3 /* MovingPlatform.swift in Sources */ = {isa = PBXBuildFile; fileRef = 2097B7DF2C1701E9002261C3 /* MovingPlatform.swift */; };
		2097B7E42C17021F002261C3 /* StickyPlatform.swift in Sources */ = {isa = PBXBuildFile; fileRef = 2097B7E32C17021F002261C3 /* StickyPlatform.swift */; };
		2097B7E62C170228002261C3 /* SlipperyPlatform.swift in Sources */ = {isa = PBXBuildFile; fileRef = 2097B7E52C170228002261C3 /* SlipperyPlatform.swift */; };
		2097B7E92C170244002261C3 /* ClimbablePlatform.swift in Sources */ = {isa = PBXBuildFile; fileRef = 2097B7E82C170244002261C3 /* ClimbablePlatform.swift */; };
		2097B7EB2C170268002261C3 /* PassThroughPlatform.swift in Sources */ = {isa = PBXBuildFile; fileRef = 2097B7EA2C170268002261C3 /* PassThroughPlatform.swift */; };
		2097B7ED2C17028A002261C3 /* InertPlatform.swift in Sources */ = {isa = PBXBuildFile; fileRef = 2097B7EC2C17028A002261C3 /* InertPlatform.swift */; };
		2097B7EF2C1702A0002261C3 /* DynamicPlatform.swift in Sources */ = {isa = PBXBuildFile; fileRef = 2097B7EE2C1702A0002261C3 /* DynamicPlatform.swift */; };
		2097B7F12C1702CD002261C3 /* ReactivePlatform.swift in Sources */ = {isa = PBXBuildFile; fileRef = 2097B7F02C1702CD002261C3 /* ReactivePlatform.swift */; };
		2097B7F92C17F350002261C3 /* CountdownTimer.swift in Sources */ = {isa = PBXBuildFile; fileRef = 2097B7F82C17F350002261C3 /* CountdownTimer.swift */; };
		2097B7FD2C17F8B9002261C3 /* GridView.swift in Sources */ = {isa = PBXBuildFile; fileRef = 2097B7FC2C17F8B9002261C3 /* GridView.swift */; };
		2097B7FF2C185307002261C3 /* ActionNamingConstant.swift in Sources */ = {isa = PBXBuildFile; fileRef = 2097B7FE2C185307002261C3 /* ActionNamingConstant.swift */; };
		6776F3422C209C61009EB559 /* MovingTrackPlatform.swift in Sources */ = {isa = PBXBuildFile; fileRef = 6776F3412C209C61009EB559 /* MovingTrackPlatform.swift */; };
		67FD44552C217E020081CC26 /* Chainwhacks.ttf in Resources */ = {isa = PBXBuildFile; fileRef = 67FD44542C217E020081CC26 /* Chainwhacks.ttf */; };
/* End PBXBuildFile section */

/* Begin PBXFileReference section */
		0702566D2C2261B700372B87 /* Star-Seeker-Info.plist */ = {isa = PBXFileReference; lastKnownFileType = text.plist.xml; path = "Star-Seeker-Info.plist"; sourceTree = "<group>"; };
		070256702C22811100372B87 /* ContentViewModel.swift */ = {isa = PBXFileReference; lastKnownFileType = sourcecode.swift; path = ContentViewModel.swift; sourceTree = "<group>"; };
		070256722C22814700372B87 /* SceneKitView.swift */ = {isa = PBXFileReference; lastKnownFileType = sourcecode.swift; path = SceneKitView.swift; sourceTree = "<group>"; };
		072065512C28EED500CEA482 /* art.scnassets */ = {isa = PBXFileReference; lastKnownFileType = wrapper.scnassets; path = art.scnassets; sourceTree = "<group>"; };
		20006B1A2C18BB0200EC46C6 /* CSVDecipherer.swift */ = {isa = PBXFileReference; lastKnownFileType = sourcecode.swift; path = CSVDecipherer.swift; sourceTree = "<group>"; };
		204FC3B52C19915700C1BBCC /* MovementDirection.swift */ = {isa = PBXFileReference; lastKnownFileType = sourcecode.swift; path = MovementDirection.swift; sourceTree = "<group>"; };
		204FC3BA2C19F98300C1BBCC /* Decipherer.swift */ = {isa = PBXFileReference; lastKnownFileType = sourcecode.swift; path = Decipherer.swift; sourceTree = "<group>"; };
		204FC3C02C1A9B7700C1BBCC /* DragButton.swift */ = {isa = PBXFileReference; lastKnownFileType = sourcecode.swift; path = DragButton.swift; sourceTree = "<group>"; };
		204FC3C32C1AE11B00C1BBCC /* Restriction.swift */ = {isa = PBXFileReference; lastKnownFileType = sourcecode.swift; path = Restriction.swift; sourceTree = "<group>"; };
		204FC3C72C1AE15A00C1BBCC /* PlayerRestriction.swift */ = {isa = PBXFileReference; lastKnownFileType = sourcecode.swift; path = PlayerRestriction.swift; sourceTree = "<group>"; };
		204FC3C92C1AE4A200C1BBCC /* RestrictionGroup.swift */ = {isa = PBXFileReference; lastKnownFileType = sourcecode.swift; path = RestrictionGroup.swift; sourceTree = "<group>"; };
		204FC3CB2C1AEC3C00C1BBCC /* UniversalNodeIdentifier.swift */ = {isa = PBXFileReference; lastKnownFileType = sourcecode.swift; path = UniversalNodeIdentifier.swift; sourceTree = "<group>"; };
		204FC3CD2C1B006D00C1BBCC /* BitMaskConstant.swift */ = {isa = PBXFileReference; lastKnownFileType = sourcecode.swift; path = BitMaskConstant.swift; sourceTree = "<group>"; };
		204FC3CF2C1B008400C1BBCC /* RestrictionConstant.swift */ = {isa = PBXFileReference; lastKnownFileType = sourcecode.swift; path = RestrictionConstant.swift; sourceTree = "<group>"; };
		204FC3D22C1B655100C1BBCC /* Darkness.swift */ = {isa = PBXFileReference; lastKnownFileType = sourcecode.swift; path = Darkness.swift; sourceTree = "<group>"; };
		205A99662C21C3C900C85B1B /* overlay.mp4 */ = {isa = PBXFileReference; lastKnownFileType = file; name = overlay.mp4; path = Raws/background/autumn/overlay.mp4; sourceTree = "<group>"; };
		2063329F2C2163F2004270C7 /* CGPoint.swift */ = {isa = PBXFileReference; fileEncoding = 4; lastKnownFileType = sourcecode.swift; path = CGPoint.swift; sourceTree = "<group>"; };
		206332A02C2163F2004270C7 /* CGSize.swift */ = {isa = PBXFileReference; fileEncoding = 4; lastKnownFileType = sourcecode.swift; path = CGSize.swift; sourceTree = "<group>"; };
		206332A42C21642A004270C7 /* LevelGenerator.swift */ = {isa = PBXFileReference; fileEncoding = 4; lastKnownFileType = sourcecode.swift; path = LevelGenerator.swift; sourceTree = "<group>"; };
		206332A72C21648C004270C7 /* ButtonsMovementController.swift */ = {isa = PBXFileReference; fileEncoding = 4; lastKnownFileType = sourcecode.swift; path = ButtonsMovementController.swift; sourceTree = "<group>"; };
		206332A82C21648C004270C7 /* JoystickMovementController.swift */ = {isa = PBXFileReference; fileEncoding = 4; lastKnownFileType = sourcecode.swift; path = JoystickMovementController.swift; sourceTree = "<group>"; };
		206332A92C21648C004270C7 /* MovementController.swift */ = {isa = PBXFileReference; fileEncoding = 4; lastKnownFileType = sourcecode.swift; path = MovementController.swift; sourceTree = "<group>"; };
		2097B77C2C114C00002261C3 /* Star Seeker.app */ = {isa = PBXFileReference; explicitFileType = wrapper.application; includeInIndex = 0; path = "Star Seeker.app"; sourceTree = BUILT_PRODUCTS_DIR; };
		2097B77F2C114C00002261C3 /* Star_SeekerApp.swift */ = {isa = PBXFileReference; lastKnownFileType = sourcecode.swift; path = Star_SeekerApp.swift; sourceTree = "<group>"; };
		2097B7812C114C00002261C3 /* ContentView.swift */ = {isa = PBXFileReference; lastKnownFileType = sourcecode.swift; path = ContentView.swift; sourceTree = "<group>"; };
		2097B7832C114C00002261C3 /* Item.swift */ = {isa = PBXFileReference; lastKnownFileType = sourcecode.swift; path = Item.swift; sourceTree = "<group>"; };
		2097B7852C114C01002261C3 /* Assets.xcassets */ = {isa = PBXFileReference; lastKnownFileType = folder.assetcatalog; path = Assets.xcassets; sourceTree = "<group>"; };
		2097B7882C114C01002261C3 /* Preview Assets.xcassets */ = {isa = PBXFileReference; lastKnownFileType = folder.assetcatalog; path = "Preview Assets.xcassets"; sourceTree = "<group>"; };
		2097B79A2C1152AD002261C3 /* Game.swift */ = {isa = PBXFileReference; lastKnownFileType = sourcecode.swift; path = Game.swift; sourceTree = "<group>"; };
		2097B79E2C115AA5002261C3 /* Debug.swift */ = {isa = PBXFileReference; lastKnownFileType = sourcecode.swift; path = Debug.swift; sourceTree = "<group>"; };
		2097B7A02C115AC2002261C3 /* AppConfig.swift */ = {isa = PBXFileReference; lastKnownFileType = sourcecode.swift; path = AppConfig.swift; sourceTree = "<group>"; };
		2097B7A22C115AED002261C3 /* Logger.swift */ = {isa = PBXFileReference; lastKnownFileType = sourcecode.swift; path = Logger.swift; sourceTree = "<group>"; };
		2097B7A42C115E99002261C3 /* Wrapper.swift */ = {isa = PBXFileReference; lastKnownFileType = sourcecode.swift; path = Wrapper.swift; sourceTree = "<group>"; };
		2097B7A62C119C27002261C3 /* HoldButton.swift */ = {isa = PBXFileReference; lastKnownFileType = sourcecode.swift; path = HoldButton.swift; sourceTree = "<group>"; };
		2097B7AB2C122000002261C3 /* PressButton.swift */ = {isa = PBXFileReference; lastKnownFileType = sourcecode.swift; path = PressButton.swift; sourceTree = "<group>"; };
		2097B7AD2C1227EE002261C3 /* UIConfig.swift */ = {isa = PBXFileReference; lastKnownFileType = sourcecode.swift; path = UIConfig.swift; sourceTree = "<group>"; };
		2097B7AF2C122862002261C3 /* GameConfig.swift */ = {isa = PBXFileReference; lastKnownFileType = sourcecode.swift; path = GameConfig.swift; sourceTree = "<group>"; };
		2097B7B22C12ABC2002261C3 /* Bundle.swift */ = {isa = PBXFileReference; lastKnownFileType = sourcecode.swift; path = Bundle.swift; sourceTree = "<group>"; };
		2097B7BA2C15DDD6002261C3 /* NeoWrapper.swift */ = {isa = PBXFileReference; lastKnownFileType = sourcecode.swift; path = NeoWrapper.swift; sourceTree = "<group>"; };
		2097B7BD2C15E138002261C3 /* Sizeable.swift */ = {isa = PBXFileReference; lastKnownFileType = sourcecode.swift; path = Sizeable.swift; sourceTree = "<group>"; };
		2097B7BF2C15E193002261C3 /* SKSpriteNode.swift */ = {isa = PBXFileReference; lastKnownFileType = sourcecode.swift; path = SKSpriteNode.swift; sourceTree = "<group>"; };
		2097B7C12C15E1EE002261C3 /* SKLabelNode.swift */ = {isa = PBXFileReference; lastKnownFileType = sourcecode.swift; path = SKLabelNode.swift; sourceTree = "<group>"; };
		2097B7C42C15E47D002261C3 /* NodeNamingConstant.swift */ = {isa = PBXFileReference; lastKnownFileType = sourcecode.swift; path = NodeNamingConstant.swift; sourceTree = "<group>"; };
		2097B7C72C15FAFC002261C3 /* SKNode.swift */ = {isa = PBXFileReference; lastKnownFileType = sourcecode.swift; path = SKNode.swift; sourceTree = "<group>"; };
		2097B7CD2C161DB6002261C3 /* Movable.swift */ = {isa = PBXFileReference; lastKnownFileType = sourcecode.swift; path = Movable.swift; sourceTree = "<group>"; };
		2097B7CF2C169CA3002261C3 /* Player.swift */ = {isa = PBXFileReference; lastKnownFileType = sourcecode.swift; path = Player.swift; sourceTree = "<group>"; };
		2097B7D12C169DC0002261C3 /* ImageNamingConstant.swift */ = {isa = PBXFileReference; lastKnownFileType = sourcecode.swift; path = ImageNamingConstant.swift; sourceTree = "<group>"; };
		2097B7D32C16E0BD002261C3 /* ValueProvider.swift */ = {isa = PBXFileReference; lastKnownFileType = sourcecode.swift; path = ValueProvider.swift; sourceTree = "<group>"; };
		2097B7D72C16EFE5002261C3 /* Platform.swift */ = {isa = PBXFileReference; lastKnownFileType = sourcecode.swift; path = Platform.swift; sourceTree = "<group>"; };
		2097B7D92C16F03E002261C3 /* BasePlatform.swift */ = {isa = PBXFileReference; lastKnownFileType = sourcecode.swift; path = BasePlatform.swift; sourceTree = "<group>"; };
		2097B7DD2C1701DC002261C3 /* CollapsiblePlatform.swift */ = {isa = PBXFileReference; lastKnownFileType = sourcecode.swift; path = CollapsiblePlatform.swift; sourceTree = "<group>"; };
		2097B7DF2C1701E9002261C3 /* MovingPlatform.swift */ = {isa = PBXFileReference; lastKnownFileType = sourcecode.swift; path = MovingPlatform.swift; sourceTree = "<group>"; };
		2097B7E32C17021F002261C3 /* StickyPlatform.swift */ = {isa = PBXFileReference; lastKnownFileType = sourcecode.swift; path = StickyPlatform.swift; sourceTree = "<group>"; };
		2097B7E52C170228002261C3 /* SlipperyPlatform.swift */ = {isa = PBXFileReference; lastKnownFileType = sourcecode.swift; path = SlipperyPlatform.swift; sourceTree = "<group>"; };
		2097B7E82C170244002261C3 /* ClimbablePlatform.swift */ = {isa = PBXFileReference; lastKnownFileType = sourcecode.swift; path = ClimbablePlatform.swift; sourceTree = "<group>"; };
		2097B7EA2C170268002261C3 /* PassThroughPlatform.swift */ = {isa = PBXFileReference; lastKnownFileType = sourcecode.swift; path = PassThroughPlatform.swift; sourceTree = "<group>"; };
		2097B7EC2C17028A002261C3 /* InertPlatform.swift */ = {isa = PBXFileReference; lastKnownFileType = sourcecode.swift; path = InertPlatform.swift; sourceTree = "<group>"; };
		2097B7EE2C1702A0002261C3 /* DynamicPlatform.swift */ = {isa = PBXFileReference; lastKnownFileType = sourcecode.swift; path = DynamicPlatform.swift; sourceTree = "<group>"; };
		2097B7F02C1702CD002261C3 /* ReactivePlatform.swift */ = {isa = PBXFileReference; lastKnownFileType = sourcecode.swift; path = ReactivePlatform.swift; sourceTree = "<group>"; };
		2097B7F82C17F350002261C3 /* CountdownTimer.swift */ = {isa = PBXFileReference; lastKnownFileType = sourcecode.swift; path = CountdownTimer.swift; sourceTree = "<group>"; };
		2097B7FC2C17F8B9002261C3 /* GridView.swift */ = {isa = PBXFileReference; lastKnownFileType = sourcecode.swift; path = GridView.swift; sourceTree = "<group>"; };
		2097B7FE2C185307002261C3 /* ActionNamingConstant.swift */ = {isa = PBXFileReference; lastKnownFileType = sourcecode.swift; path = ActionNamingConstant.swift; sourceTree = "<group>"; };
		6776F3412C209C61009EB559 /* MovingTrackPlatform.swift */ = {isa = PBXFileReference; lastKnownFileType = sourcecode.swift; path = MovingTrackPlatform.swift; sourceTree = "<group>"; };
		67FD44542C217E020081CC26 /* Chainwhacks.ttf */ = {isa = PBXFileReference; lastKnownFileType = file; path = Chainwhacks.ttf; sourceTree = "<group>"; };
/* End PBXFileReference section */

/* Begin PBXFrameworksBuildPhase section */
		2097B7792C114C00002261C3 /* Frameworks */ = {
			isa = PBXFrameworksBuildPhase;
			buildActionMask = 2147483647;
			files = (
			);
			runOnlyForDeploymentPostprocessing = 0;
		};
/* End PBXFrameworksBuildPhase section */

/* Begin PBXGroup section */
		0702566F2C2280E900372B87 /* SceneKit */ = {
			isa = PBXGroup;
			children = (
				072065512C28EED500CEA482 /* art.scnassets */,
				070256702C22811100372B87 /* ContentViewModel.swift */,
				070256722C22814700372B87 /* SceneKitView.swift */,
			);
			path = SceneKit;
			sourceTree = "<group>";
		};
		204FC3B92C19F97700C1BBCC /* Decipherer */ = {
			isa = PBXGroup;
			children = (
				204FC3BA2C19F98300C1BBCC /* Decipherer.swift */,
				20006B1A2C18BB0200EC46C6 /* CSVDecipherer.swift */,
			);
			path = Decipherer;
			sourceTree = "<group>";
		};
		204FC3BF2C1A1BB100C1BBCC /* Handler */ = {
			isa = PBXGroup;
			children = (
			);
			path = Handler;
			sourceTree = "<group>";
		};
		204FC3C22C1AE10D00C1BBCC /* Restrictions */ = {
			isa = PBXGroup;
			children = (
				204FC3C62C1AE14A00C1BBCC /* Player */,
				204FC3C32C1AE11B00C1BBCC /* Restriction.swift */,
				204FC3C92C1AE4A200C1BBCC /* RestrictionGroup.swift */,
			);
			path = Restrictions;
			sourceTree = "<group>";
		};
		204FC3C62C1AE14A00C1BBCC /* Player */ = {
			isa = PBXGroup;
			children = (
				204FC3C72C1AE15A00C1BBCC /* PlayerRestriction.swift */,
			);
			path = Player;
			sourceTree = "<group>";
		};
		204FC3D12C1B652F00C1BBCC /* LevelResetters */ = {
			isa = PBXGroup;
			children = (
				204FC3D22C1B655100C1BBCC /* Darkness.swift */,
			);
			path = LevelResetters;
			sourceTree = "<group>";
		};
		206332A12C2163F2004270C7 /* CoreGraphics */ = {
			isa = PBXGroup;
			children = (
				2063329F2C2163F2004270C7 /* CGPoint.swift */,
				206332A02C2163F2004270C7 /* CGSize.swift */,
			);
			path = CoreGraphics;
			sourceTree = "<group>";
		};
		206332A52C21642A004270C7 /* Generator */ = {
			isa = PBXGroup;
			children = (
				206332A42C21642A004270C7 /* LevelGenerator.swift */,
			);
			path = Generator;
			sourceTree = "<group>";
		};
		206332AA2C21648C004270C7 /* MovementController */ = {
			isa = PBXGroup;
			children = (
				206332A72C21648C004270C7 /* ButtonsMovementController.swift */,
				206332A82C21648C004270C7 /* JoystickMovementController.swift */,
				206332A92C21648C004270C7 /* MovementController.swift */,
			);
			path = MovementController;
			sourceTree = "<group>";
		};
		2097B7732C114C00002261C3 = {
			isa = PBXGroup;
			children = (
				0702566D2C2261B700372B87 /* Star-Seeker-Info.plist */,
				2097B77E2C114C00002261C3 /* Star Seeker */,
				2097B77D2C114C00002261C3 /* Products */,
			);
			sourceTree = "<group>";
		};
		2097B77D2C114C00002261C3 /* Products */ = {
			isa = PBXGroup;
			children = (
				2097B77C2C114C00002261C3 /* Star Seeker.app */,
			);
			name = Products;
			sourceTree = "<group>";
		};
		2097B77E2C114C00002261C3 /* Star Seeker */ = {
			isa = PBXGroup;
			children = (
				0702566F2C2280E900372B87 /* SceneKit */,
				205A99662C21C3C900C85B1B /* overlay.mp4 */,
				67FD44542C217E020081CC26 /* Chainwhacks.ttf */,
				2097B7852C114C01002261C3 /* Assets.xcassets */,
				2097B7812C114C00002261C3 /* ContentView.swift */,
				2097B77F2C114C00002261C3 /* Star_SeekerApp.swift */,
				2097B79C2C115A87002261C3 /* Globals */,
				2097B7922C114C74002261C3 /* Extensions */,
				2097B7902C114C20002261C3 /* Models */,
				2097B78F2C114C1A002261C3 /* Views */,
				2097B7872C114C01002261C3 /* Preview Content */,
			);
			path = "Star Seeker";
			sourceTree = "<group>";
		};
		2097B7872C114C01002261C3 /* Preview Content */ = {
			isa = PBXGroup;
			children = (
				2097B7882C114C01002261C3 /* Preview Assets.xcassets */,
			);
			path = "Preview Content";
			sourceTree = "<group>";
		};
		2097B78F2C114C1A002261C3 /* Views */ = {
			isa = PBXGroup;
			children = (
				2097B7F32C175F40002261C3 /* Compositions */,
				2097B7F52C175F59002261C3 /* Presenters */,
				2097B7F42C175F4C002261C3 /* Components */,
			);
			path = Views;
			sourceTree = "<group>";
		};
		2097B7902C114C20002261C3 /* Models */ = {
			isa = PBXGroup;
			children = (
				2097B7B42C12FC02002261C3 /* Concepts */,
				2097B7B52C12FC0D002261C3 /* Objects */,
				2097B7832C114C00002261C3 /* Item.swift */,
			);
			path = Models;
			sourceTree = "<group>";
		};
		2097B7912C114C48002261C3 /* Configs */ = {
			isa = PBXGroup;
			children = (
				2097B7A02C115AC2002261C3 /* AppConfig.swift */,
				2097B7AD2C1227EE002261C3 /* UIConfig.swift */,
				2097B7AF2C122862002261C3 /* GameConfig.swift */,
			);
			path = Configs;
			sourceTree = "<group>";
		};
		2097B7922C114C74002261C3 /* Extensions */ = {
			isa = PBXGroup;
			children = (
				2097B7C62C15FAEF002261C3 /* SKNodes */,
				2097B7A22C115AED002261C3 /* Logger.swift */,
				2097B7B22C12ABC2002261C3 /* Bundle.swift */,
				206332A12C2163F2004270C7 /* CoreGraphics */,
			);
			path = Extensions;
			sourceTree = "<group>";
		};
		2097B79C2C115A87002261C3 /* Globals */ = {
			isa = PBXGroup;
			children = (
				2097B7C32C15E44A002261C3 /* Strings */,
				2097B7B12C1232D3002261C3 /* Providers */,
				2097B79D2C115A97002261C3 /* Functions */,
				2097B7912C114C48002261C3 /* Configs */,
			);
			path = Globals;
			sourceTree = "<group>";
		};
		2097B79D2C115A97002261C3 /* Functions */ = {
			isa = PBXGroup;
			children = (
				2097B79E2C115AA5002261C3 /* Debug.swift */,
				204FC3CB2C1AEC3C00C1BBCC /* UniversalNodeIdentifier.swift */,
			);
			path = Functions;
			sourceTree = "<group>";
		};
		2097B7B12C1232D3002261C3 /* Providers */ = {
			isa = PBXGroup;
			children = (
				2097B7D32C16E0BD002261C3 /* ValueProvider.swift */,
			);
			path = Providers;
			sourceTree = "<group>";
		};
		2097B7B42C12FC02002261C3 /* Concepts */ = {
			isa = PBXGroup;
			children = (
				206332A52C21642A004270C7 /* Generator */,
				204FC3C22C1AE10D00C1BBCC /* Restrictions */,
				204FC3BF2C1A1BB100C1BBCC /* Handler */,
				204FC3B92C19F97700C1BBCC /* Decipherer */,
				2097B7BC2C15E12A002261C3 /* Scalable */,
				2097B7B92C12FC2C002261C3 /* Movable */,
				2097B7B82C12FC1F002261C3 /* Position */,
			);
			path = Concepts;
			sourceTree = "<group>";
		};
		2097B7B52C12FC0D002261C3 /* Objects */ = {
			isa = PBXGroup;
			children = (
				204FC3D12C1B652F00C1BBCC /* LevelResetters */,
				2097B7B72C12FC18002261C3 /* Obstacles */,
				2097B7B62C12FC13002261C3 /* Platforms */,
			);
			path = Objects;
			sourceTree = "<group>";
		};
		2097B7B62C12FC13002261C3 /* Platforms */ = {
			isa = PBXGroup;
			children = (
				2097B7D72C16EFE5002261C3 /* Platform.swift */,
				2097B7EC2C17028A002261C3 /* InertPlatform.swift */,
				2097B7EA2C170268002261C3 /* PassThroughPlatform.swift */,
				2097B7F02C1702CD002261C3 /* ReactivePlatform.swift */,
				2097B7EE2C1702A0002261C3 /* DynamicPlatform.swift */,
				2097B7E72C170230002261C3 /* PassThrough */,
				2097B7DB2C1701C5002261C3 /* Inert */,
				2097B7E12C170202002261C3 /* Reactive */,
			);
			path = Platforms;
			sourceTree = "<group>";
		};
		2097B7B72C12FC18002261C3 /* Obstacles */ = {
			isa = PBXGroup;
			children = (
			);
			path = Obstacles;
			sourceTree = "<group>";
		};
		2097B7B82C12FC1F002261C3 /* Position */ = {
			isa = PBXGroup;
			children = (
			);
			path = Position;
			sourceTree = "<group>";
		};
		2097B7B92C12FC2C002261C3 /* Movable */ = {
			isa = PBXGroup;
			children = (
				2097B7CD2C161DB6002261C3 /* Movable.swift */,
				204FC3B52C19915700C1BBCC /* MovementDirection.swift */,
			);
			path = Movable;
			sourceTree = "<group>";
		};
		2097B7BC2C15E12A002261C3 /* Scalable */ = {
			isa = PBXGroup;
			children = (
				2097B7BD2C15E138002261C3 /* Sizeable.swift */,
			);
			path = Scalable;
			sourceTree = "<group>";
		};
		2097B7C32C15E44A002261C3 /* Strings */ = {
			isa = PBXGroup;
			children = (
				2097B7C42C15E47D002261C3 /* NodeNamingConstant.swift */,
				2097B7D12C169DC0002261C3 /* ImageNamingConstant.swift */,
				2097B7FE2C185307002261C3 /* ActionNamingConstant.swift */,
				204FC3CD2C1B006D00C1BBCC /* BitMaskConstant.swift */,
				204FC3CF2C1B008400C1BBCC /* RestrictionConstant.swift */,
			);
			path = Strings;
			sourceTree = "<group>";
		};
		2097B7C62C15FAEF002261C3 /* SKNodes */ = {
			isa = PBXGroup;
			children = (
				2097B7C72C15FAFC002261C3 /* SKNode.swift */,
				2097B7BF2C15E193002261C3 /* SKSpriteNode.swift */,
				2097B7C12C15E1EE002261C3 /* SKLabelNode.swift */,
			);
			path = SKNodes;
			sourceTree = "<group>";
		};
		2097B7DB2C1701C5002261C3 /* Inert */ = {
			isa = PBXGroup;
			children = (
				2097B7D92C16F03E002261C3 /* BasePlatform.swift */,
				2097B7DC2C1701CF002261C3 /* Dynamic */,
			);
			path = Inert;
			sourceTree = "<group>";
		};
		2097B7DC2C1701CF002261C3 /* Dynamic */ = {
			isa = PBXGroup;
			children = (
				2097B7DD2C1701DC002261C3 /* CollapsiblePlatform.swift */,
				2097B7DF2C1701E9002261C3 /* MovingPlatform.swift */,
			);
			path = Dynamic;
			sourceTree = "<group>";
		};
		2097B7E12C170202002261C3 /* Reactive */ = {
			isa = PBXGroup;
			children = (
				2097B7E32C17021F002261C3 /* StickyPlatform.swift */,
				2097B7E52C170228002261C3 /* SlipperyPlatform.swift */,
			);
			path = Reactive;
			sourceTree = "<group>";
		};
		2097B7E72C170230002261C3 /* PassThrough */ = {
			isa = PBXGroup;
			children = (
				2097B7E82C170244002261C3 /* ClimbablePlatform.swift */,
				6776F3412C209C61009EB559 /* MovingTrackPlatform.swift */,
			);
			path = PassThrough;
			sourceTree = "<group>";
		};
		2097B7F32C175F40002261C3 /* Compositions */ = {
			isa = PBXGroup;
			children = (
				206332AA2C21648C004270C7 /* MovementController */,
			);
			path = Compositions;
			sourceTree = "<group>";
		};
		2097B7F42C175F4C002261C3 /* Components */ = {
			isa = PBXGroup;
			children = (
				2097B7F62C175F6A002261C3 /* Buttons */,
				2097B7F72C17F342002261C3 /* DelayedExecution */,
				2097B7A42C115E99002261C3 /* Wrapper.swift */,
				2097B7BA2C15DDD6002261C3 /* NeoWrapper.swift */,
				2097B7CF2C169CA3002261C3 /* Player.swift */,
			);
			path = Components;
			sourceTree = "<group>";
		};
		2097B7F52C175F59002261C3 /* Presenters */ = {
			isa = PBXGroup;
			children = (
				2097B79A2C1152AD002261C3 /* Game.swift */,
				2097B7FC2C17F8B9002261C3 /* GridView.swift */,
			);
			path = Presenters;
			sourceTree = "<group>";
		};
		2097B7F62C175F6A002261C3 /* Buttons */ = {
			isa = PBXGroup;
			children = (
				2097B7A62C119C27002261C3 /* HoldButton.swift */,
				2097B7AB2C122000002261C3 /* PressButton.swift */,
				204FC3C02C1A9B7700C1BBCC /* DragButton.swift */,
			);
			path = Buttons;
			sourceTree = "<group>";
		};
		2097B7F72C17F342002261C3 /* DelayedExecution */ = {
			isa = PBXGroup;
			children = (
				2097B7F82C17F350002261C3 /* CountdownTimer.swift */,
			);
			path = DelayedExecution;
			sourceTree = "<group>";
		};
/* End PBXGroup section */

/* Begin PBXNativeTarget section */
		2097B77B2C114C00002261C3 /* Star Seeker */ = {
			isa = PBXNativeTarget;
			buildConfigurationList = 2097B78C2C114C01002261C3 /* Build configuration list for PBXNativeTarget "Star Seeker" */;
			buildPhases = (
				2097B7782C114C00002261C3 /* Sources */,
				2097B7792C114C00002261C3 /* Frameworks */,
				2097B77A2C114C00002261C3 /* Resources */,
			);
			buildRules = (
			);
			dependencies = (
			);
			name = "Star Seeker";
			productName = "Star Seeker";
			productReference = 2097B77C2C114C00002261C3 /* Star Seeker.app */;
			productType = "com.apple.product-type.application";
		};
/* End PBXNativeTarget section */

/* Begin PBXProject section */
		2097B7742C114C00002261C3 /* Project object */ = {
			isa = PBXProject;
			attributes = {
				BuildIndependentTargetsInParallel = 1;
				LastSwiftUpdateCheck = 1530;
				LastUpgradeCheck = 1530;
				TargetAttributes = {
					2097B77B2C114C00002261C3 = {
						CreatedOnToolsVersion = 15.3;
					};
				};
			};
			buildConfigurationList = 2097B7772C114C00002261C3 /* Build configuration list for PBXProject "Star Seeker" */;
			compatibilityVersion = "Xcode 14.0";
			developmentRegion = en;
			hasScannedForEncodings = 0;
			knownRegions = (
				en,
				Base,
			);
			mainGroup = 2097B7732C114C00002261C3;
			productRefGroup = 2097B77D2C114C00002261C3 /* Products */;
			projectDirPath = "";
			projectRoot = "";
			targets = (
				2097B77B2C114C00002261C3 /* Star Seeker */,
			);
		};
/* End PBXProject section */

/* Begin PBXResourcesBuildPhase section */
		2097B77A2C114C00002261C3 /* Resources */ = {
			isa = PBXResourcesBuildPhase;
			buildActionMask = 2147483647;
			files = (
				0702566E2C2261B700372B87 /* Star-Seeker-Info.plist in Resources */,
				072065522C28EED500CEA482 /* art.scnassets in Resources */,
				67FD44552C217E020081CC26 /* Chainwhacks.ttf in Resources */,
				2097B7892C114C01002261C3 /* Preview Assets.xcassets in Resources */,
				2097B7862C114C01002261C3 /* Assets.xcassets in Resources */,
				205A99672C21C3C900C85B1B /* overlay.mp4 in Resources */,
			);
			runOnlyForDeploymentPostprocessing = 0;
		};
/* End PBXResourcesBuildPhase section */

/* Begin PBXSourcesBuildPhase section */
		2097B7782C114C00002261C3 /* Sources */ = {
			isa = PBXSourcesBuildPhase;
			buildActionMask = 2147483647;
			files = (
				2097B7822C114C00002261C3 /* ContentView.swift in Sources */,
				070256732C22814700372B87 /* SceneKitView.swift in Sources */,
				20006B1B2C18BB0200EC46C6 /* CSVDecipherer.swift in Sources */,
				2097B7BB2C15DDD6002261C3 /* NeoWrapper.swift in Sources */,
				2097B7F92C17F350002261C3 /* CountdownTimer.swift in Sources */,
				204FC3D02C1B008400C1BBCC /* RestrictionConstant.swift in Sources */,
				2097B7B32C12ABC2002261C3 /* Bundle.swift in Sources */,
				204FC3C82C1AE15A00C1BBCC /* PlayerRestriction.swift in Sources */,
				204FC3BB2C19F98300C1BBCC /* Decipherer.swift in Sources */,
				2097B7DE2C1701DC002261C3 /* CollapsiblePlatform.swift in Sources */,
				2097B7D22C169DC0002261C3 /* ImageNamingConstant.swift in Sources */,
				2097B7A52C115E99002261C3 /* Wrapper.swift in Sources */,
				2097B7D02C169CA3002261C3 /* Player.swift in Sources */,
				204FC3C42C1AE11B00C1BBCC /* Restriction.swift in Sources */,
				206332AC2C21648C004270C7 /* JoystickMovementController.swift in Sources */,
				2097B7B02C122862002261C3 /* GameConfig.swift in Sources */,
				2097B7E42C17021F002261C3 /* StickyPlatform.swift in Sources */,
				2097B79F2C115AA5002261C3 /* Debug.swift in Sources */,
				2097B7842C114C00002261C3 /* Item.swift in Sources */,
				2097B7E62C170228002261C3 /* SlipperyPlatform.swift in Sources */,
				2097B7C02C15E193002261C3 /* SKSpriteNode.swift in Sources */,
				206332AD2C21648C004270C7 /* MovementController.swift in Sources */,
				2097B7FD2C17F8B9002261C3 /* GridView.swift in Sources */,
				206332AB2C21648C004270C7 /* ButtonsMovementController.swift in Sources */,
				2097B7BE2C15E138002261C3 /* Sizeable.swift in Sources */,
				2097B7A12C115AC2002261C3 /* AppConfig.swift in Sources */,
				2097B7A32C115AED002261C3 /* Logger.swift in Sources */,
				2097B7C22C15E1EE002261C3 /* SKLabelNode.swift in Sources */,
				2097B7E92C170244002261C3 /* ClimbablePlatform.swift in Sources */,
				2097B7802C114C00002261C3 /* Star_SeekerApp.swift in Sources */,
				2097B7FF2C185307002261C3 /* ActionNamingConstant.swift in Sources */,
				2097B7D82C16EFE5002261C3 /* Platform.swift in Sources */,
				2097B7ED2C17028A002261C3 /* InertPlatform.swift in Sources */,
				204FC3C12C1A9B7700C1BBCC /* DragButton.swift in Sources */,
				206332A22C2163F2004270C7 /* CGPoint.swift in Sources */,
				2097B7AC2C122000002261C3 /* PressButton.swift in Sources */,
				204FC3D32C1B655100C1BBCC /* Darkness.swift in Sources */,
				204FC3CC2C1AEC3C00C1BBCC /* UniversalNodeIdentifier.swift in Sources */,
				2097B7CE2C161DB6002261C3 /* Movable.swift in Sources */,
				204FC3CE2C1B006D00C1BBCC /* BitMaskConstant.swift in Sources */,
				2097B7C82C15FAFC002261C3 /* SKNode.swift in Sources */,
				206332A62C21642A004270C7 /* LevelGenerator.swift in Sources */,
				204FC3B62C19915700C1BBCC /* MovementDirection.swift in Sources */,
				2097B7C52C15E47D002261C3 /* NodeNamingConstant.swift in Sources */,
				2097B7AE2C1227EE002261C3 /* UIConfig.swift in Sources */,
				2097B7DA2C16F03E002261C3 /* BasePlatform.swift in Sources */,
				2097B7A72C119C27002261C3 /* HoldButton.swift in Sources */,
				2097B7F12C1702CD002261C3 /* ReactivePlatform.swift in Sources */,
				6776F3422C209C61009EB559 /* MovingTrackPlatform.swift in Sources */,
				2097B7D42C16E0BD002261C3 /* ValueProvider.swift in Sources */,
				070256712C22811100372B87 /* ContentViewModel.swift in Sources */,
				2097B7E02C1701E9002261C3 /* MovingPlatform.swift in Sources */,
				2097B7EF2C1702A0002261C3 /* DynamicPlatform.swift in Sources */,
				206332A32C2163F2004270C7 /* CGSize.swift in Sources */,
				204FC3CA2C1AE4A200C1BBCC /* RestrictionGroup.swift in Sources */,
				2097B79B2C1152AD002261C3 /* Game.swift in Sources */,
				2097B7EB2C170268002261C3 /* PassThroughPlatform.swift in Sources */,
			);
			runOnlyForDeploymentPostprocessing = 0;
		};
/* End PBXSourcesBuildPhase section */

/* Begin XCBuildConfiguration section */
		2097B78A2C114C01002261C3 /* Debug */ = {
			isa = XCBuildConfiguration;
			buildSettings = {
				ALWAYS_SEARCH_USER_PATHS = NO;
				ASSETCATALOG_COMPILER_GENERATE_SWIFT_ASSET_SYMBOL_EXTENSIONS = YES;
				CLANG_ANALYZER_NONNULL = YES;
				CLANG_ANALYZER_NUMBER_OBJECT_CONVERSION = YES_AGGRESSIVE;
				CLANG_CXX_LANGUAGE_STANDARD = "gnu++20";
				CLANG_ENABLE_MODULES = YES;
				CLANG_ENABLE_OBJC_ARC = YES;
				CLANG_ENABLE_OBJC_WEAK = YES;
				CLANG_WARN_BLOCK_CAPTURE_AUTORELEASING = YES;
				CLANG_WARN_BOOL_CONVERSION = YES;
				CLANG_WARN_COMMA = YES;
				CLANG_WARN_CONSTANT_CONVERSION = YES;
				CLANG_WARN_DEPRECATED_OBJC_IMPLEMENTATIONS = YES;
				CLANG_WARN_DIRECT_OBJC_ISA_USAGE = YES_ERROR;
				CLANG_WARN_DOCUMENTATION_COMMENTS = YES;
				CLANG_WARN_EMPTY_BODY = YES;
				CLANG_WARN_ENUM_CONVERSION = YES;
				CLANG_WARN_INFINITE_RECURSION = YES;
				CLANG_WARN_INT_CONVERSION = YES;
				CLANG_WARN_NON_LITERAL_NULL_CONVERSION = YES;
				CLANG_WARN_OBJC_IMPLICIT_RETAIN_SELF = YES;
				CLANG_WARN_OBJC_LITERAL_CONVERSION = YES;
				CLANG_WARN_OBJC_ROOT_CLASS = YES_ERROR;
				CLANG_WARN_QUOTED_INCLUDE_IN_FRAMEWORK_HEADER = YES;
				CLANG_WARN_RANGE_LOOP_ANALYSIS = YES;
				CLANG_WARN_STRICT_PROTOTYPES = YES;
				CLANG_WARN_SUSPICIOUS_MOVE = YES;
				CLANG_WARN_UNGUARDED_AVAILABILITY = YES_AGGRESSIVE;
				CLANG_WARN_UNREACHABLE_CODE = YES;
				CLANG_WARN__DUPLICATE_METHOD_MATCH = YES;
				COPY_PHASE_STRIP = NO;
				DEBUG_INFORMATION_FORMAT = dwarf;
				ENABLE_STRICT_OBJC_MSGSEND = YES;
				ENABLE_TESTABILITY = YES;
				ENABLE_USER_SCRIPT_SANDBOXING = YES;
				GCC_C_LANGUAGE_STANDARD = gnu17;
				GCC_DYNAMIC_NO_PIC = NO;
				GCC_NO_COMMON_BLOCKS = YES;
				GCC_OPTIMIZATION_LEVEL = 0;
				GCC_PREPROCESSOR_DEFINITIONS = (
					"DEBUG=1",
					"$(inherited)",
				);
				GCC_WARN_64_TO_32_BIT_CONVERSION = YES;
				GCC_WARN_ABOUT_RETURN_TYPE = YES_ERROR;
				GCC_WARN_UNDECLARED_SELECTOR = YES;
				GCC_WARN_UNINITIALIZED_AUTOS = YES_AGGRESSIVE;
				GCC_WARN_UNUSED_FUNCTION = YES;
				GCC_WARN_UNUSED_VARIABLE = YES;
				IPHONEOS_DEPLOYMENT_TARGET = 17.4;
				LOCALIZATION_PREFERS_STRING_CATALOGS = YES;
				MTL_ENABLE_DEBUG_INFO = INCLUDE_SOURCE;
				MTL_FAST_MATH = YES;
				ONLY_ACTIVE_ARCH = YES;
				SDKROOT = iphoneos;
				SWIFT_ACTIVE_COMPILATION_CONDITIONS = "DEBUG $(inherited)";
				SWIFT_OPTIMIZATION_LEVEL = "-Onone";
			};
			name = Debug;
		};
		2097B78B2C114C01002261C3 /* Release */ = {
			isa = XCBuildConfiguration;
			buildSettings = {
				ALWAYS_SEARCH_USER_PATHS = NO;
				ASSETCATALOG_COMPILER_GENERATE_SWIFT_ASSET_SYMBOL_EXTENSIONS = YES;
				CLANG_ANALYZER_NONNULL = YES;
				CLANG_ANALYZER_NUMBER_OBJECT_CONVERSION = YES_AGGRESSIVE;
				CLANG_CXX_LANGUAGE_STANDARD = "gnu++20";
				CLANG_ENABLE_MODULES = YES;
				CLANG_ENABLE_OBJC_ARC = YES;
				CLANG_ENABLE_OBJC_WEAK = YES;
				CLANG_WARN_BLOCK_CAPTURE_AUTORELEASING = YES;
				CLANG_WARN_BOOL_CONVERSION = YES;
				CLANG_WARN_COMMA = YES;
				CLANG_WARN_CONSTANT_CONVERSION = YES;
				CLANG_WARN_DEPRECATED_OBJC_IMPLEMENTATIONS = YES;
				CLANG_WARN_DIRECT_OBJC_ISA_USAGE = YES_ERROR;
				CLANG_WARN_DOCUMENTATION_COMMENTS = YES;
				CLANG_WARN_EMPTY_BODY = YES;
				CLANG_WARN_ENUM_CONVERSION = YES;
				CLANG_WARN_INFINITE_RECURSION = YES;
				CLANG_WARN_INT_CONVERSION = YES;
				CLANG_WARN_NON_LITERAL_NULL_CONVERSION = YES;
				CLANG_WARN_OBJC_IMPLICIT_RETAIN_SELF = YES;
				CLANG_WARN_OBJC_LITERAL_CONVERSION = YES;
				CLANG_WARN_OBJC_ROOT_CLASS = YES_ERROR;
				CLANG_WARN_QUOTED_INCLUDE_IN_FRAMEWORK_HEADER = YES;
				CLANG_WARN_RANGE_LOOP_ANALYSIS = YES;
				CLANG_WARN_STRICT_PROTOTYPES = YES;
				CLANG_WARN_SUSPICIOUS_MOVE = YES;
				CLANG_WARN_UNGUARDED_AVAILABILITY = YES_AGGRESSIVE;
				CLANG_WARN_UNREACHABLE_CODE = YES;
				CLANG_WARN__DUPLICATE_METHOD_MATCH = YES;
				COPY_PHASE_STRIP = NO;
				DEBUG_INFORMATION_FORMAT = "dwarf-with-dsym";
				ENABLE_NS_ASSERTIONS = NO;
				ENABLE_STRICT_OBJC_MSGSEND = YES;
				ENABLE_USER_SCRIPT_SANDBOXING = YES;
				GCC_C_LANGUAGE_STANDARD = gnu17;
				GCC_NO_COMMON_BLOCKS = YES;
				GCC_WARN_64_TO_32_BIT_CONVERSION = YES;
				GCC_WARN_ABOUT_RETURN_TYPE = YES_ERROR;
				GCC_WARN_UNDECLARED_SELECTOR = YES;
				GCC_WARN_UNINITIALIZED_AUTOS = YES_AGGRESSIVE;
				GCC_WARN_UNUSED_FUNCTION = YES;
				GCC_WARN_UNUSED_VARIABLE = YES;
				IPHONEOS_DEPLOYMENT_TARGET = 17.4;
				LOCALIZATION_PREFERS_STRING_CATALOGS = YES;
				MTL_ENABLE_DEBUG_INFO = NO;
				MTL_FAST_MATH = YES;
				SDKROOT = iphoneos;
				SWIFT_COMPILATION_MODE = wholemodule;
				VALIDATE_PRODUCT = YES;
			};
			name = Release;
		};
		2097B78D2C114C01002261C3 /* Debug */ = {
			isa = XCBuildConfiguration;
			buildSettings = {
				ASSETCATALOG_COMPILER_APPICON_NAME = AppIcon;
				ASSETCATALOG_COMPILER_GLOBAL_ACCENT_COLOR_NAME = AccentColor;
				CODE_SIGN_IDENTITY = "Apple Development";
				CODE_SIGN_STYLE = Automatic;
				CURRENT_PROJECT_VERSION = 1;
				DEVELOPMENT_ASSET_PATHS = "\"Star Seeker/Preview Content\"";
				DEVELOPMENT_TEAM = 557RFC8YGX;
				ENABLE_PREVIEWS = YES;
				GENERATE_INFOPLIST_FILE = YES;
				INFOPLIST_FILE = "Star-Seeker-Info.plist";
				INFOPLIST_KEY_UIApplicationSceneManifest_Generation = YES;
				INFOPLIST_KEY_UIApplicationSupportsIndirectInputEvents = YES;
				INFOPLIST_KEY_UILaunchScreen_Generation = YES;
				INFOPLIST_KEY_UIRequiresFullScreen = YES;
				INFOPLIST_KEY_UISupportedInterfaceOrientations = UIInterfaceOrientationPortrait;
				LD_RUNPATH_SEARCH_PATHS = (
					"$(inherited)",
					"@executable_path/Frameworks",
				);
				MARKETING_VERSION = 1.0;
				PRODUCT_BUNDLE_IDENTIFIER = "com.VerteX.Star-Seeker";
				PRODUCT_NAME = "$(TARGET_NAME)";
				PROVISIONING_PROFILE_SPECIFIER = "";
				SWIFT_EMIT_LOC_STRINGS = YES;
				SWIFT_VERSION = 5.0;
				TARGETED_DEVICE_FAMILY = "1,2";
			};
			name = Debug;
		};
		2097B78E2C114C01002261C3 /* Release */ = {
			isa = XCBuildConfiguration;
			buildSettings = {
				ASSETCATALOG_COMPILER_APPICON_NAME = AppIcon;
				ASSETCATALOG_COMPILER_GLOBAL_ACCENT_COLOR_NAME = AccentColor;
				CODE_SIGN_IDENTITY = "Apple Development";
				CODE_SIGN_STYLE = Automatic;
				CURRENT_PROJECT_VERSION = 1;
				DEVELOPMENT_ASSET_PATHS = "\"Star Seeker/Preview Content\"";
				DEVELOPMENT_TEAM = 557RFC8YGX;
				ENABLE_PREVIEWS = YES;
				GENERATE_INFOPLIST_FILE = YES;
				INFOPLIST_FILE = "Star-Seeker-Info.plist";
				INFOPLIST_KEY_UIApplicationSceneManifest_Generation = YES;
				INFOPLIST_KEY_UIApplicationSupportsIndirectInputEvents = YES;
				INFOPLIST_KEY_UILaunchScreen_Generation = YES;
				INFOPLIST_KEY_UIRequiresFullScreen = YES;
				INFOPLIST_KEY_UISupportedInterfaceOrientations = UIInterfaceOrientationPortrait;
				LD_RUNPATH_SEARCH_PATHS = (
					"$(inherited)",
					"@executable_path/Frameworks",
				);
				MARKETING_VERSION = 1.0;
				PRODUCT_BUNDLE_IDENTIFIER = "com.VerteX.Star-Seeker";
				PRODUCT_NAME = "$(TARGET_NAME)";
				PROVISIONING_PROFILE_SPECIFIER = "";
				SWIFT_EMIT_LOC_STRINGS = YES;
				SWIFT_VERSION = 5.0;
				TARGETED_DEVICE_FAMILY = "1,2";
			};
			name = Release;
		};
/* End XCBuildConfiguration section */

/* Begin XCConfigurationList section */
		2097B7772C114C00002261C3 /* Build configuration list for PBXProject "Star Seeker" */ = {
			isa = XCConfigurationList;
			buildConfigurations = (
				2097B78A2C114C01002261C3 /* Debug */,
				2097B78B2C114C01002261C3 /* Release */,
			);
			defaultConfigurationIsVisible = 0;
			defaultConfigurationName = Release;
		};
		2097B78C2C114C01002261C3 /* Build configuration list for PBXNativeTarget "Star Seeker" */ = {
			isa = XCConfigurationList;
			buildConfigurations = (
				2097B78D2C114C01002261C3 /* Debug */,
				2097B78E2C114C01002261C3 /* Release */,
			);
			defaultConfigurationIsVisible = 0;
			defaultConfigurationName = Release;
		};
/* End XCConfigurationList section */
	};
	rootObject = 2097B7742C114C00002261C3 /* Project object */;
}
